
Microsoft Visual Studio Solution File, Format Version 12.00
# Visual Studio Version 17
VisualStudioVersion = 17.14.37012.4 d17.14
MinimumVisualStudioVersion = 10.0.40219.1
Project("{FAE04EC0-301F-11D3-BF4B-00C04F79EFBC}") = "Calculadora", "Calculadora\Calculadora.csproj", "{581E7E09-4EE2-41A6-877F-6C3E87FD77E4}"
EndProject
Project("{FAE04EC0-301F-11D3-BF4B-00C04F79EFBC}") = "CalculadoraTest", "CalculadoraTest\CalculadoraTest.csproj", "{2260C3E0-36CA-48D8-AADD-6DA0ACFFC8FA}"
EndProject
Global
	GlobalSection(SolutionConfigurationPlatforms) = preSolution
		Debug|Any CPU = Debug|Any CPU
		Release|Any CPU = Release|Any CPU
	EndGlobalSection
	GlobalSection(ProjectConfigurationPlatforms) = postSolution
		{581E7E09-4EE2-41A6-877F-6C3E87FD77E4}.Debug|Any CPU.ActiveCfg = Debug|Any CPU
		{581E7E09-4EE2-41A6-877F-6C3E87FD77E4}.Debug|Any CPU.Build.0 = Debug|Any CPU
		{581E7E09-4EE2-41A6-877F-6C3E87FD77E4}.Release|Any CPU.ActiveCfg = Release|Any CPU
		{581E7E09-4EE2-41A6-877F-6C3E87FD77E4}.Release|Any CPU.Build.0 = Release|Any CPU
		{2260C3E0-36CA-48D8-AADD-6DA0ACFFC8FA}.Debug|Any CPU.ActiveCfg = Debug|Any CPU
		{2260C3E0-36CA-48D8-AADD-6DA0ACFFC8FA}.Debug|Any CPU.Build.0 = Debug|Any CPU
		{2260C3E0-36CA-48D8-AADD-6DA0ACFFC8FA}.Release|Any CPU.ActiveCfg = Release|Any CPU
		{2260C3E0-36CA-48D8-AADD-6DA0ACFFC8FA}.Release|Any CPU.Build.0 = Release|Any CPU
	EndGlobalSection
	GlobalSection(SolutionProperties) = preSolution
		HideSolutionNode = FALSE
	EndGlobalSection
	GlobalSection(ExtensibilityGlobals) = postSolution
		SolutionGuid = {231CF42F-17D1-474A-884D-B4F0F3B66382}
	EndGlobalSection
EndGlobal
